
Microsoft Visual Studio Solution File, Format Version 12.00
# Visual Studio Version 16
VisualStudioVersion = 16.0.30204.135
MinimumVisualStudioVersion = 10.0.40219.1
Project("{9A19103F-16F7-4668-BE54-9A1E7A4F7556}") = "CorePos.Blazor", "CorePos.Blazor\CorePos.Blazor.csproj", "{077EC40E-5B6B-4E33-975A-8DEBDE8C1294}"
EndProject
Project("{2150E333-8FDC-42A3-9474-1A3956D46DE8}") = "Lib", "Lib", "{5F9EE118-A1C1-4250-B26B-157953D37FAC}"
	ProjectSection(SolutionItems) = preProject
		Lib\CorePOSApi.Model.dll = Lib\CorePOSApi.Model.dll
	EndProjectSection
EndProject
Global
	GlobalSection(SolutionConfigurationPlatforms) = preSolution
		Debug|Any CPU = Debug|Any CPU
		Release|Any CPU = Release|Any CPU
	EndGlobalSection
	GlobalSection(ProjectConfigurationPlatforms) = postSolution
		{077EC40E-5B6B-4E33-975A-8DEBDE8C1294}.Debug|Any CPU.ActiveCfg = Debug|Any CPU
		{077EC40E-5B6B-4E33-975A-8DEBDE8C1294}.Debug|Any CPU.Build.0 = Debug|Any CPU
		{077EC40E-5B6B-4E33-975A-8DEBDE8C1294}.Release|Any CPU.ActiveCfg = Release|Any CPU
		{077EC40E-5B6B-4E33-975A-8DEBDE8C1294}.Release|Any CPU.Build.0 = Release|Any CPU
	EndGlobalSection
	GlobalSection(SolutionProperties) = preSolution
		HideSolutionNode = FALSE
	EndGlobalSection
	GlobalSection(ExtensibilityGlobals) = postSolution
		SolutionGuid = {9FBDB3F6-4056-4D6E-8BE6-A738FB8BD362}
	EndGlobalSection
EndGlobal
